
Microsoft Visual Studio Solution File, Format Version 12.00
# Visual Studio Version 17
VisualStudioVersion = 17.14.36804.6 d17.14
MinimumVisualStudioVersion = 10.0.40219.1
Project("{FAE04EC0-301F-11D3-BF4B-00C04F79EFBC}") = "BlazoWebAppDemo", "BlazoWebAppDemo.csproj", "{5351082C-8862-AB1A-1814-7EDF7EE0991B}"
EndProject
Global
	GlobalSection(SolutionConfigurationPlatforms) = preSolution
		Debug|Any CPU = Debug|Any CPU
		Release|Any CPU = Release|Any CPU
	EndGlobalSection
	GlobalSection(ProjectConfigurationPlatforms) = postSolution
		{5351082C-8862-AB1A-1814-7EDF7EE0991B}.Debug|Any CPU.ActiveCfg = Debug|Any CPU
		{5351082C-8862-AB1A-1814-7EDF7EE0991B}.Debug|Any CPU.Build.0 = Debug|Any CPU
		{5351082C-8862-AB1A-1814-7EDF7EE0991B}.Release|Any CPU.ActiveCfg = Release|Any CPU
		{5351082C-8862-AB1A-1814-7EDF7EE0991B}.Release|Any CPU.Build.0 = Release|Any CPU
	EndGlobalSection
	GlobalSection(SolutionProperties) = preSolution
		HideSolutionNode = FALSE
	EndGlobalSection
	GlobalSection(ExtensibilityGlobals) = postSolution
		SolutionGuid = {24F514FE-49D8-4B96-B49E-2FD322363ADE}
	EndGlobalSection
EndGlobal
